
Microsoft Visual Studio Solution File, Format Version 12.00
# Visual Studio Version 16
VisualStudioVersion = 16.0.30804.86
MinimumVisualStudioVersion = 10.0.40219.1
Project("{FAE04EC0-301F-11D3-BF4B-00C04F79EFBC}") = "Validator", "Validator\Validator.csproj", "{BB5B8E3F-21F3-4468-AC29-5AFA534FFF8E}"
EndProject
Global
	GlobalSection(SolutionConfigurationPlatforms) = preSolution
		Debug|Any CPU = Debug|Any CPU
		Release|Any CPU = Release|Any CPU
	EndGlobalSection
	GlobalSection(ProjectConfigurationPlatforms) = postSolution
		{BB5B8E3F-21F3-4468-AC29-5AFA534FFF8E}.Debug|Any CPU.ActiveCfg = Debug|Any CPU
		{BB5B8E3F-21F3-4468-AC29-5AFA534FFF8E}.Debug|Any CPU.Build.0 = Debug|Any CPU
		{BB5B8E3F-21F3-4468-AC29-5AFA534FFF8E}.Release|Any CPU.ActiveCfg = Release|Any CPU
		{BB5B8E3F-21F3-4468-AC29-5AFA534FFF8E}.Release|Any CPU.Build.0 = Release|Any CPU
	EndGlobalSection
	GlobalSection(SolutionProperties) = preSolution
		HideSolutionNode = FALSE
	EndGlobalSection
	GlobalSection(ExtensibilityGlobals) = postSolution
		SolutionGuid = {A81AB8B0-1F0A-4BBF-8D49-DB2787947337}
	EndGlobalSection
EndGlobal
